
Microsoft Visual Studio Solution File, Format Version 12.00
# Visual Studio Version 16
VisualStudioVersion = 16.0.808.1
MinimumVisualStudioVersion = 10.0.40219.1
Project("{FAE04EC0-301F-11D3-BF4B-00C04F79EFBC}") = "Summer_School_Movies", "Summer_School_Movies\Summer_School_Movies.csproj", "{6B1F32C3-0105-4F46-A1DF-3F74057A4483}"
EndProject
Project("{FAE04EC0-301F-11D3-BF4B-00C04F79EFBC}") = "MoviesAPIConsumer", "MoviesAPIConsumer\MoviesAPIConsumer.csproj", "{FC03B03A-7956-449C-B9D2-089337E18364}"
EndProject
Global
	GlobalSection(SolutionConfigurationPlatforms) = preSolution
		Debug|Any CPU = Debug|Any CPU
		Release|Any CPU = Release|Any CPU
	EndGlobalSection
	GlobalSection(ProjectConfigurationPlatforms) = postSolution
		{6B1F32C3-0105-4F46-A1DF-3F74057A4483}.Debug|Any CPU.ActiveCfg = Debug|Any CPU
		{6B1F32C3-0105-4F46-A1DF-3F74057A4483}.Debug|Any CPU.Build.0 = Debug|Any CPU
		{6B1F32C3-0105-4F46-A1DF-3F74057A4483}.Release|Any CPU.ActiveCfg = Release|Any CPU
		{6B1F32C3-0105-4F46-A1DF-3F74057A4483}.Release|Any CPU.Build.0 = Release|Any CPU
		{FC03B03A-7956-449C-B9D2-089337E18364}.Debug|Any CPU.ActiveCfg = Debug|Any CPU
		{FC03B03A-7956-449C-B9D2-089337E18364}.Debug|Any CPU.Build.0 = Debug|Any CPU
		{FC03B03A-7956-449C-B9D2-089337E18364}.Release|Any CPU.ActiveCfg = Release|Any CPU
		{FC03B03A-7956-449C-B9D2-089337E18364}.Release|Any CPU.Build.0 = Release|Any CPU
	EndGlobalSection
	GlobalSection(SolutionProperties) = preSolution
		HideSolutionNode = FALSE
	EndGlobalSection
	GlobalSection(ExtensibilityGlobals) = postSolution
		SolutionGuid = {B381C707-262C-4EBF-B0A3-160C3197CABA}
	EndGlobalSection
EndGlobal
